
Microsoft Visual Studio Solution File, Format Version 12.00
# Visual Studio 15
VisualStudioVersion = 15.0.28010.2046
MinimumVisualStudioVersion = 10.0.40219.1
Project("{FAE04EC0-301F-11D3-BF4B-00C04F79EFBC}") = "PinguiniiGalactici.NewAcademicInfo", "PinguiniiGalactici.NewAcademicInfo\PinguiniiGalactici.NewAcademicInfo.csproj", "{CF20680A-4CD7-4E5D-BF01-200057D0D8DE}"
EndProject
Project("{FAE04EC0-301F-11D3-BF4B-00C04F79EFBC}") = "PinguiniiGalactici.NewAcademicInfo.Library", "PinguiniiGalactici.NewAcademicInfo.Library\PinguiniiGalactici.NewAcademicInfo.Library.csproj", "{1422102A-36C7-4AC7-8689-051F5E40D30D}"
EndProject
Project("{FAE04EC0-301F-11D3-BF4B-00C04F79EFBC}") = "PinguiniiGalactici.NewAcademicInfo.DAL", "PinguiniiGalactici.NewAcademicInfo.DAL\PinguiniiGalactici.NewAcademicInfo.DAL.csproj", "{69A0D922-65D2-4519-92A3-3C144AA0BF6F}"
EndProject
Project("{FAE04EC0-301F-11D3-BF4B-00C04F79EFBC}") = "PinguiniiGalactici.NewAcademicInfo.Business", "PinguiniiGalactici.NewAcademicInfo.Business\PinguiniiGalactici.NewAcademicInfo.Business.csproj", "{5019C808-4A4F-41C7-98AB-E2E1D3F478AA}"
EndProject
Project("{FAE04EC0-301F-11D3-BF4B-00C04F79EFBC}") = "PinguiniiGalactici.NewAcademicInfo.WebAPI", "PinguiniiGalactici.NewAcademicInfo.WebAPI\PinguiniiGalactici.NewAcademicInfo.WebAPI.csproj", "{5E48B563-8716-40C5-8979-23F210336AF4}"
EndProject
Project("{FAE04EC0-301F-11D3-BF4B-00C04F79EFBC}") = "PinguiniiGalactici.NewAcademicInfo.Models", "PinguiniiGalactici.NewAcademicInfo.Models\PinguiniiGalactici.NewAcademicInfo.Models.csproj", "{C34CCF5E-20EE-4501-861C-8490A501EF7B}"
EndProject
Global
	GlobalSection(SolutionConfigurationPlatforms) = preSolution
		Debug|Any CPU = Debug|Any CPU
		Release|Any CPU = Release|Any CPU
	EndGlobalSection
	GlobalSection(ProjectConfigurationPlatforms) = postSolution
		{CF20680A-4CD7-4E5D-BF01-200057D0D8DE}.Debug|Any CPU.ActiveCfg = Debug|Any CPU
		{CF20680A-4CD7-4E5D-BF01-200057D0D8DE}.Debug|Any CPU.Build.0 = Debug|Any CPU
		{CF20680A-4CD7-4E5D-BF01-200057D0D8DE}.Release|Any CPU.ActiveCfg = Release|Any CPU
		{CF20680A-4CD7-4E5D-BF01-200057D0D8DE}.Release|Any CPU.Build.0 = Release|Any CPU
		{1422102A-36C7-4AC7-8689-051F5E40D30D}.Debug|Any CPU.ActiveCfg = Debug|Any CPU
		{1422102A-36C7-4AC7-8689-051F5E40D30D}.Debug|Any CPU.Build.0 = Debug|Any CPU
		{1422102A-36C7-4AC7-8689-051F5E40D30D}.Release|Any CPU.ActiveCfg = Release|Any CPU
		{1422102A-36C7-4AC7-8689-051F5E40D30D}.Release|Any CPU.Build.0 = Release|Any CPU
		{69A0D922-65D2-4519-92A3-3C144AA0BF6F}.Debug|Any CPU.ActiveCfg = Debug|Any CPU
		{69A0D922-65D2-4519-92A3-3C144AA0BF6F}.Debug|Any CPU.Build.0 = Debug|Any CPU
		{69A0D922-65D2-4519-92A3-3C144AA0BF6F}.Release|Any CPU.ActiveCfg = Release|Any CPU
		{69A0D922-65D2-4519-92A3-3C144AA0BF6F}.Release|Any CPU.Build.0 = Release|Any CPU
		{5019C808-4A4F-41C7-98AB-E2E1D3F478AA}.Debug|Any CPU.ActiveCfg = Debug|Any CPU
		{5019C808-4A4F-41C7-98AB-E2E1D3F478AA}.Debug|Any CPU.Build.0 = Debug|Any CPU
		{5019C808-4A4F-41C7-98AB-E2E1D3F478AA}.Release|Any CPU.ActiveCfg = Release|Any CPU
		{5019C808-4A4F-41C7-98AB-E2E1D3F478AA}.Release|Any CPU.Build.0 = Release|Any CPU
		{5E48B563-8716-40C5-8979-23F210336AF4}.Debug|Any CPU.ActiveCfg = Debug|Any CPU
		{5E48B563-8716-40C5-8979-23F210336AF4}.Debug|Any CPU.Build.0 = Debug|Any CPU
		{5E48B563-8716-40C5-8979-23F210336AF4}.Release|Any CPU.ActiveCfg = Release|Any CPU
		{5E48B563-8716-40C5-8979-23F210336AF4}.Release|Any CPU.Build.0 = Release|Any CPU
		{C34CCF5E-20EE-4501-861C-8490A501EF7B}.Debug|Any CPU.ActiveCfg = Debug|Any CPU
		{C34CCF5E-20EE-4501-861C-8490A501EF7B}.Debug|Any CPU.Build.0 = Debug|Any CPU
		{C34CCF5E-20EE-4501-861C-8490A501EF7B}.Release|Any CPU.ActiveCfg = Release|Any CPU
		{C34CCF5E-20EE-4501-861C-8490A501EF7B}.Release|Any CPU.Build.0 = Release|Any CPU
	EndGlobalSection
	GlobalSection(SolutionProperties) = preSolution
		HideSolutionNode = FALSE
	EndGlobalSection
	GlobalSection(ExtensibilityGlobals) = postSolution
		SolutionGuid = {CB501E94-E76A-4A18-A5A7-AABBD84685A3}
	EndGlobalSection
EndGlobal
